
Microsoft Visual Studio Solution File, Format Version 12.00
Project("{FAE04EC0-301F-11D3-BF4B-00C04F79EFBC}") = "ShopTech_Web", "ShopTech_Web\ShopTech_Web.csproj", "{FB337F12-04E7-469D-95F4-C4D1807DEB80}"
EndProject
Project("{2150E333-8FDC-42A3-9474-1A3956D46DE8}") = "Solution Items", "Solution Items", "{E1DD9836-5347-49F3-858B-89A976B014B0}"
	ProjectSection(SolutionItems) = preProject
		compose.yaml = compose.yaml
	EndProjectSection
EndProject
Global
	GlobalSection(SolutionConfigurationPlatforms) = preSolution
		Debug|Any CPU = Debug|Any CPU
		Release|Any CPU = Release|Any CPU
	EndGlobalSection
	GlobalSection(ProjectConfigurationPlatforms) = postSolution
		{FB337F12-04E7-469D-95F4-C4D1807DEB80}.Debug|Any CPU.ActiveCfg = Debug|Any CPU
		{FB337F12-04E7-469D-95F4-C4D1807DEB80}.Debug|Any CPU.Build.0 = Debug|Any CPU
		{FB337F12-04E7-469D-95F4-C4D1807DEB80}.Release|Any CPU.ActiveCfg = Release|Any CPU
		{FB337F12-04E7-469D-95F4-C4D1807DEB80}.Release|Any CPU.Build.0 = Release|Any CPU
	EndGlobalSection
EndGlobal
